PODS:
  - daily_flutter (0.16.0-beta.1):
    - DailyFlutter-iOS (= 0.16.0-beta.1)
    - Flutter
  - DailyFlutter-iOS (0.16.0-beta.1):
    - Flutter
  - Flutter (1.0.0)
  - permission_handler_apple (9.1.1):
    - Flutter

DEPENDENCIES:
  - daily_flutter (from `.symlinks/plugins/daily_flutter/ios`)
  - Flutter (from `Flutter`)
  - permission_handler_apple (from `.symlinks/plugins/permission_handler_apple/ios`)

SPEC REPOS:
  trunk:
    - DailyFlutter-iOS

EXTERNAL SOURCES:
  daily_flutter:
    :path: ".symlinks/plugins/daily_flutter/ios"
  Flutter:
    :path: Flutter
  permission_handler_apple:
    :path: ".symlinks/plugins/permission_handler_apple/ios"

SPEC CHECKSUMS:
  daily_flutter: 2d9decf16a9352d036ba2d3a9c4e71cf15375393
  DailyFlutter-iOS: af7376b9ed1bcab8f364eda049f6fa7cf4892f80
  Flutter: e0871f40cf51350855a761d2e70bf5af5b9b5de7
  permission_handler_apple: 3787117e48f80715ff04a3830ca039283d6a4f29

PODFILE CHECKSUM: d76978db2b4f59ab30da48f2f0c57600057f4dcb

COCOAPODS: 1.16.2
